
Microsoft Visual Studio Solution File, Format Version 12.00
# Visual Studio Version 16
VisualStudioVersion = 16.0.30621.155
MinimumVisualStudioVersion = 10.0.40219.1
Project("{FAE04EC0-301F-11D3-BF4B-00C04F79EFBC}") = "Sigiri", "Sigiri\Sigiri.csproj", "{BCDE1D05-37E8-408C-A699-F58FB52F2106}"
EndProject
Global
	GlobalSection(SolutionConfigurationPlatforms) = preSolution
		Debug|Any CPU = Debug|Any CPU
		Release|Any CPU = Release|Any CPU
	EndGlobalSection
	GlobalSection(ProjectConfigurationPlatforms) = postSolution
		{BCDE1D05-37E8-408C-A699-F58FB52F2106}.Debug|Any CPU.ActiveCfg = Debug|Any CPU
		{BCDE1D05-37E8-408C-A699-F58FB52F2106}.Debug|Any CPU.Build.0 = Debug|Any CPU
		{BCDE1D05-37E8-408C-A699-F58FB52F2106}.Release|Any CPU.ActiveCfg = Release|Any CPU
		{BCDE1D05-37E8-408C-A699-F58FB52F2106}.Release|Any CPU.Build.0 = Release|Any CPU
	EndGlobalSection
	GlobalSection(SolutionProperties) = preSolution
		HideSolutionNode = FALSE
	EndGlobalSection
	GlobalSection(ExtensibilityGlobals) = postSolution
		SolutionGuid = {A2F2116A-0155-42DD-B48C-47E2D98A2E3B}
	EndGlobalSection
EndGlobal
